{
  "originHash" : "e85c50fa11d6b03c0b4e37398362b5722b1b1b1967beb91d52dfc43b2cdbcdbe",
  "pins" : [
    {
      "identity" : "doomlogs",
      "kind" : "remoteSourceControl",
      "location" : "https://github.com/SteveTrewick/DoomLogs.git",
      "state" : {
        "revision" : "e79d59a53f4727d96a354a172ee2c0206ec21801",
        "version" : "0.1.0"
      }
    }
  ],
  "version" : 3
}
